
Microsoft Visual Studio Solution File, Format Version 12.00
# Visual Studio 2013
VisualStudioVersion = 12.0.31101.0
MinimumVisualStudioVersion = 10.0.40219.1
Project("{FAE04EC0-301F-11D3-BF4B-00C04F79EFBC}") = "GeneralDataTable-For-Asp.net", "GeneralDataTable-For-Asp.net\GeneralDataTable-For-Asp.net.csproj", "{AB790C72-5470-4E3C-AD3A-2D66AC135E69}"
EndProject
Project("{FAE04EC0-301F-11D3-BF4B-00C04F79EFBC}") = "DataTableSource", "DataTableSource\DataTableSource.csproj", "{172D05F0-C3B9-4729-A0C8-DE37A839C882}"
EndProject
Global
	GlobalSection(SolutionConfigurationPlatforms) = preSolution
		Debug|Any CPU = Debug|Any CPU
		Release|Any CPU = Release|Any CPU
	EndGlobalSection
	GlobalSection(ProjectConfigurationPlatforms) = postSolution
		{AB790C72-5470-4E3C-AD3A-2D66AC135E69}.Debug|Any CPU.ActiveCfg = Debug|Any CPU
		{AB790C72-5470-4E3C-AD3A-2D66AC135E69}.Debug|Any CPU.Build.0 = Debug|Any CPU
		{AB790C72-5470-4E3C-AD3A-2D66AC135E69}.Release|Any CPU.ActiveCfg = Release|Any CPU
		{AB790C72-5470-4E3C-AD3A-2D66AC135E69}.Release|Any CPU.Build.0 = Release|Any CPU
		{172D05F0-C3B9-4729-A0C8-DE37A839C882}.Debug|Any CPU.ActiveCfg = Debug|Any CPU
		{172D05F0-C3B9-4729-A0C8-DE37A839C882}.Debug|Any CPU.Build.0 = Debug|Any CPU
		{172D05F0-C3B9-4729-A0C8-DE37A839C882}.Release|Any CPU.ActiveCfg = Release|Any CPU
		{172D05F0-C3B9-4729-A0C8-DE37A839C882}.Release|Any CPU.Build.0 = Release|Any CPU
	EndGlobalSection
	GlobalSection(SolutionProperties) = preSolution
		HideSolutionNode = FALSE
	EndGlobalSection
EndGlobal
